
Microsoft Visual Studio Solution File, Format Version 12.00
# Visual Studio Version 17
VisualStudioVersion = 17.3.32922.545
MinimumVisualStudioVersion = 10.0.40219.1
Project("{FAE04EC0-301F-11D3-BF4B-00C04F79EFBC}") = "Contrstruktor", "Contrstruktor\Contrstruktor.csproj", "{36A6EDE3-1B13-4761-BB9F-CF2EEB04F557}"
EndProject
Global
	GlobalSection(SolutionConfigurationPlatforms) = preSolution
		Debug|Any CPU = Debug|Any CPU
		Release|Any CPU = Release|Any CPU
	EndGlobalSection
	GlobalSection(ProjectConfigurationPlatforms) = postSolution
		{36A6EDE3-1B13-4761-BB9F-CF2EEB04F557}.Debug|Any CPU.ActiveCfg = Debug|Any CPU
		{36A6EDE3-1B13-4761-BB9F-CF2EEB04F557}.Debug|Any CPU.Build.0 = Debug|Any CPU
		{36A6EDE3-1B13-4761-BB9F-CF2EEB04F557}.Release|Any CPU.ActiveCfg = Release|Any CPU
		{36A6EDE3-1B13-4761-BB9F-CF2EEB04F557}.Release|Any CPU.Build.0 = Release|Any CPU
	EndGlobalSection
	GlobalSection(SolutionProperties) = preSolution
		HideSolutionNode = FALSE
	EndGlobalSection
	GlobalSection(ExtensibilityGlobals) = postSolution
		SolutionGuid = {C54AE381-E944-41E6-9746-93802BC16370}
	EndGlobalSection
EndGlobal
